
Microsoft Visual Studio Solution File, Format Version 12.00
# Visual Studio Version 17
VisualStudioVersion = 17.9.34728.123
MinimumVisualStudioVersion = 10.0.40219.1
Project("{FAE04EC0-301F-11D3-BF4B-00C04F79EFBC}") = "JobManagement", "JobManagement\JobManagement.csproj", "{D9D32BF1-1DE8-4B5B-9396-FBACA0EC2868}"
EndProject
Project("{FAE04EC0-301F-11D3-BF4B-00C04F79EFBC}") = "Domain", "Domain\Domain.csproj", "{409B8670-E073-4193-B212-F0DB2F8894A4}"
EndProject
Project("{FAE04EC0-301F-11D3-BF4B-00C04F79EFBC}") = "Infrastructure", "Infrastructure\Infrastructure.csproj", "{BED93BD2-3961-47C7-BA6C-F75E1CA1FDE1}"
EndProject
Project("{FAE04EC0-301F-11D3-BF4B-00C04F79EFBC}") = "Application", "Application\Application.csproj", "{07C1EA58-062F-40CD-94C5-A1022ED180EA}"
EndProject
Project("{FAE04EC0-301F-11D3-BF4B-00C04F79EFBC}") = "Application.UnitTests", "ApplicationUnitTests\Application.UnitTests.csproj", "{A6E4F559-E1A9-449E-B3EB-7D0A49AA9625}"
EndProject
Global
	GlobalSection(SolutionConfigurationPlatforms) = preSolution
		Debug|Any CPU = Debug|Any CPU
		Release|Any CPU = Release|Any CPU
	EndGlobalSection
	GlobalSection(ProjectConfigurationPlatforms) = postSolution
		{D9D32BF1-1DE8-4B5B-9396-FBACA0EC2868}.Debug|Any CPU.ActiveCfg = Debug|Any CPU
		{D9D32BF1-1DE8-4B5B-9396-FBACA0EC2868}.Debug|Any CPU.Build.0 = Debug|Any CPU
		{D9D32BF1-1DE8-4B5B-9396-FBACA0EC2868}.Release|Any CPU.ActiveCfg = Release|Any CPU
		{D9D32BF1-1DE8-4B5B-9396-FBACA0EC2868}.Release|Any CPU.Build.0 = Release|Any CPU
		{409B8670-E073-4193-B212-F0DB2F8894A4}.Debug|Any CPU.ActiveCfg = Debug|Any CPU
		{409B8670-E073-4193-B212-F0DB2F8894A4}.Debug|Any CPU.Build.0 = Debug|Any CPU
		{409B8670-E073-4193-B212-F0DB2F8894A4}.Release|Any CPU.ActiveCfg = Release|Any CPU
		{409B8670-E073-4193-B212-F0DB2F8894A4}.Release|Any CPU.Build.0 = Release|Any CPU
		{BED93BD2-3961-47C7-BA6C-F75E1CA1FDE1}.Debug|Any CPU.ActiveCfg = Debug|Any CPU
		{BED93BD2-3961-47C7-BA6C-F75E1CA1FDE1}.Debug|Any CPU.Build.0 = Debug|Any CPU
		{BED93BD2-3961-47C7-BA6C-F75E1CA1FDE1}.Release|Any CPU.ActiveCfg = Release|Any CPU
		{BED93BD2-3961-47C7-BA6C-F75E1CA1FDE1}.Release|Any CPU.Build.0 = Release|Any CPU
		{07C1EA58-062F-40CD-94C5-A1022ED180EA}.Debug|Any CPU.ActiveCfg = Debug|Any CPU
		{07C1EA58-062F-40CD-94C5-A1022ED180EA}.Debug|Any CPU.Build.0 = Debug|Any CPU
		{07C1EA58-062F-40CD-94C5-A1022ED180EA}.Release|Any CPU.ActiveCfg = Release|Any CPU
		{07C1EA58-062F-40CD-94C5-A1022ED180EA}.Release|Any CPU.Build.0 = Release|Any CPU
		{A6E4F559-E1A9-449E-B3EB-7D0A49AA9625}.Debug|Any CPU.ActiveCfg = Debug|Any CPU
		{A6E4F559-E1A9-449E-B3EB-7D0A49AA9625}.Debug|Any CPU.Build.0 = Debug|Any CPU
		{A6E4F559-E1A9-449E-B3EB-7D0A49AA9625}.Release|Any CPU.ActiveCfg = Release|Any CPU
		{A6E4F559-E1A9-449E-B3EB-7D0A49AA9625}.Release|Any CPU.Build.0 = Release|Any CPU
	EndGlobalSection
	GlobalSection(SolutionProperties) = preSolution
		HideSolutionNode = FALSE
	EndGlobalSection
	GlobalSection(ExtensibilityGlobals) = postSolution
		SolutionGuid = {A6612D4A-8AC0-44EC-A9DB-3FFED230DB6F}
	EndGlobalSection
EndGlobal
